// !$*UTF8*$!
{
	archiveVersion = 1;
	classes = {
	};
	objectVersion = 46;
	objects = {

/* Begin PBXBuildFile section */
		2107B3741B50315F004FD18C /* Static.framework in Frameworks */ = {isa = PBXBuildFile; fileRef = 2107B3731B50315F004FD18C /* Static.framework */; };
		21547B482480DA5E00A548BF /* MenuGroup.swift in Sources */ = {isa = PBXBuildFile; fileRef = 21547B472480DA5E00A548BF /* MenuGroup.swift */; };
		21547B512480DF5000A548BF /* LaunchScreen.storyboard in Resources */ = {isa = PBXBuildFile; fileRef = 21547B502480DF4F00A548BF /* LaunchScreen.storyboard */; };
		218F603B1C00EB8C005BEC8D /* Static.framework.dSYM in Copy dSYMs */ = {isa = PBXBuildFile; fileRef = 218F60391C00EB76005BEC8D /* Static.framework.dSYM */; };
		21B0CFA71B501FC4007E9F3C /* AppDelegate.swift in Sources */ = {isa = PBXBuildFile; fileRef = 21B0CF8B1B501FC4007E9F3C /* AppDelegate.swift */; };
		21B0CFA81B501FC4007E9F3C /* Assets.xcassets in Resources */ = {isa = PBXBuildFile; fileRef = 21B0CF8C1B501FC4007E9F3C /* Assets.xcassets */; };
		21B0CFA91B501FC4007E9F3C /* Cocktail.swift in Sources */ = {isa = PBXBuildFile; fileRef = 21B0CF8D1B501FC4007E9F3C /* Cocktail.swift */; };
		21B0CFAA1B501FC4007E9F3C /* CocktailCell.swift in Sources */ = {isa = PBXBuildFile; fileRef = 21B0CF8E1B501FC4007E9F3C /* CocktailCell.swift */; };
		21B0CFAB1B501FC4007E9F3C /* CocktailViewController.swift in Sources */ = {isa = PBXBuildFile; fileRef = 21B0CF8F1B501FC4007E9F3C /* CocktailViewController.swift */; };
		21B0CFAD1B501FC4007E9F3C /* MenuViewController.swift in Sources */ = {isa = PBXBuildFile; fileRef = 21B0CF911B501FC4007E9F3C /* MenuViewController.swift */; };
		21B0CFC31B501FD5007E9F3C /* Data in Resources */ = {isa = PBXBuildFile; fileRef = 21B0CFC21B501FD5007E9F3C /* Data */; };
/* End PBXBuildFile section */

/* Begin PBXCopyFilesBuildPhase section */
		218F603A1C00EB7C005BEC8D /* Copy dSYMs */ = {
			isa = PBXCopyFilesBuildPhase;
			buildActionMask = 2147483647;
			dstPath = "";
			dstSubfolderSpec = 16;
			files = (
				218F603B1C00EB8C005BEC8D /* Static.framework.dSYM in Copy dSYMs */,
			);
			name = "Copy dSYMs";
			runOnlyForDeploymentPostprocessing = 0;
		};
/* End PBXCopyFilesBuildPhase section */

/* Begin PBXFileReference section */
		2107B3731B50315F004FD18C /* Static.framework */ = {isa = PBXFileReference; lastKnownFileType = wrapper.framework; name = Static.framework; path = Carthage/Build/iOS/Static.framework; sourceTree = "<group>"; };
		21547B472480DA5E00A548BF /* MenuGroup.swift */ = {isa = PBXFileReference; lastKnownFileType = sourcecode.swift; path = MenuGroup.swift; sourceTree = "<group>"; };
		21547B502480DF4F00A548BF /* LaunchScreen.storyboard */ = {isa = PBXFileReference; lastKnownFileType = file.storyboard; path = LaunchScreen.storyboard; sourceTree = "<group>"; };
		218F60391C00EB76005BEC8D /* Static.framework.dSYM */ = {isa = PBXFileReference; lastKnownFileType = wrapper.dsym; name = Static.framework.dSYM; path = Carthage/Build/iOS/Static.framework.dSYM; sourceTree = "<group>"; };
		21B0CF591B501FA3007E9F3C /* Bar.app */ = {isa = PBXFileReference; explicitFileType = wrapper.application; includeInIndex = 0; path = Bar.app; sourceTree = BUILT_PRODUCTS_DIR; };
		21B0CF8B1B501FC4007E9F3C /* AppDelegate.swift */ = {isa = PBXFileReference; fileEncoding = 4; lastKnownFileType = sourcecode.swift; path = AppDelegate.swift; sourceTree = "<group>"; };
		21B0CF8C1B501FC4007E9F3C /* Assets.xcassets */ = {isa = PBXFileReference; lastKnownFileType = folder.assetcatalog; path = Assets.xcassets; sourceTree = "<group>"; };
		21B0CF8D1B501FC4007E9F3C /* Cocktail.swift */ = {isa = PBXFileReference; fileEncoding = 4; lastKnownFileType = sourcecode.swift; path = Cocktail.swift; sourceTree = "<group>"; };
		21B0CF8E1B501FC4007E9F3C /* CocktailCell.swift */ = {isa = PBXFileReference; fileEncoding = 4; lastKnownFileType = sourcecode.swift; path = CocktailCell.swift; sourceTree = "<group>"; };
		21B0CF8F1B501FC4007E9F3C /* CocktailViewController.swift */ = {isa = PBXFileReference; fileEncoding = 4; lastKnownFileType = sourcecode.swift; path = CocktailViewController.swift; sourceTree = "<group>"; };
		21B0CF901B501FC4007E9F3C /* Info.plist */ = {isa = PBXFileReference; fileEncoding = 4; lastKnownFileType = text.plist.xml; path = Info.plist; sourceTree = "<group>"; };
		21B0CF911B501FC4007E9F3C /* MenuViewController.swift */ = {isa = PBXFileReference; fileEncoding = 4; lastKnownFileType = sourcecode.swift; path = MenuViewController.swift; sourceTree = "<group>"; };
		21B0CFC21B501FD5007E9F3C /* Data */ = {isa = PBXFileReference; lastKnownFileType = folder; path = Data; sourceTree = "<group>"; };
/* End PBXFileReference section */

/* Begin PBXFrameworksBuildPhase section */
		21B0CF561B501FA3007E9F3C /* Frameworks */ = {
			isa = PBXFrameworksBuildPhase;
			buildActionMask = 2147483647;
			files = (
				2107B3741B50315F004FD18C /* Static.framework in Frameworks */,
			);
			runOnlyForDeploymentPostprocessing = 0;
		};
/* End PBXFrameworksBuildPhase section */

/* Begin PBXGroup section */
		2107B3751B503163004FD18C /* Frameworks */ = {
			isa = PBXGroup;
			children = (
				2107B3731B50315F004FD18C /* Static.framework */,
				218F60391C00EB76005BEC8D /* Static.framework.dSYM */,
			);
			name = Frameworks;
			sourceTree = "<group>";
		};
		21547B492480DAB400A548BF /* Models */ = {
			isa = PBXGroup;
			children = (
				21B0CF8D1B501FC4007E9F3C /* Cocktail.swift */,
				21547B472480DA5E00A548BF /* MenuGroup.swift */,
			);
			path = Models;
			sourceTree = "<group>";
		};
		21547B4A2480DDA100A548BF /* Views */ = {
			isa = PBXGroup;
			children = (
				21B0CF8E1B501FC4007E9F3C /* CocktailCell.swift */,
			);
			path = Views;
			sourceTree = "<group>";
		};
		21547B4B2480DDA600A548BF /* View Controllers */ = {
			isa = PBXGroup;
			children = (
				21B0CF911B501FC4007E9F3C /* MenuViewController.swift */,
				21B0CF8F1B501FC4007E9F3C /* CocktailViewController.swift */,
			);
			path = "View Controllers";
			sourceTree = "<group>";
		};
		21547B4C2480DDAD00A548BF /* Application */ = {
			isa = PBXGroup;
			children = (
				21B0CF8B1B501FC4007E9F3C /* AppDelegate.swift */,
			);
			path = Application;
			sourceTree = "<group>";
		};
		21547B4D2480DDB400A548BF /* Sources */ = {
			isa = PBXGroup;
			children = (
				21547B4C2480DDAD00A548BF /* Application */,
				21547B492480DAB400A548BF /* Models */,
				21547B4B2480DDA600A548BF /* View Controllers */,
				21547B4A2480DDA100A548BF /* Views */,
			);
			path = Sources;
			sourceTree = "<group>";
		};
		21547B4E2480DDBD00A548BF /* Resources */ = {
			isa = PBXGroup;
			children = (
				21B0CF8C1B501FC4007E9F3C /* Assets.xcassets */,
				21547B502480DF4F00A548BF /* LaunchScreen.storyboard */,
			);
			path = Resources;
			sourceTree = "<group>";
		};
		21547B4F2480DDC300A548BF /* Support */ = {
			isa = PBXGroup;
			children = (
				21B0CF901B501FC4007E9F3C /* Info.plist */,
			);
			path = Support;
			sourceTree = "<group>";
		};
		21B0CF501B501FA3007E9F3C = {
			isa = PBXGroup;
			children = (
				21B0CF8A1B501FC4007E9F3C /* Bar */,
				21B0CFC21B501FD5007E9F3C /* Data */,
				2107B3751B503163004FD18C /* Frameworks */,
				21B0CF5A1B501FA3007E9F3C /* Products */,
			);
			sourceTree = "<group>";
		};
		21B0CF5A1B501FA3007E9F3C /* Products */ = {
			isa = PBXGroup;
			children = (
				21B0CF591B501FA3007E9F3C /* Bar.app */,
			);
			name = Products;
			sourceTree = "<group>";
		};
		21B0CF8A1B501FC4007E9F3C /* Bar */ = {
			isa = PBXGroup;
			children = (
				21547B4D2480DDB400A548BF /* Sources */,
				21547B4F2480DDC300A548BF /* Support */,
				21547B4E2480DDBD00A548BF /* Resources */,
			);
			path = Bar;
			sourceTree = "<group>";
		};
/* End PBXGroup section */

/* Begin PBXNativeTarget section */
		21B0CF581B501FA3007E9F3C /* Bar */ = {
			isa = PBXNativeTarget;
			buildConfigurationList = 21B0CF811B501FA3007E9F3C /* Build configuration list for PBXNativeTarget "Bar" */;
			buildPhases = (
				21B0CF551B501FA3007E9F3C /* Sources */,
				21B0CF561B501FA3007E9F3C /* Frameworks */,
				21B0CF571B501FA3007E9F3C /* Resources */,
				2107B3761B50318B004FD18C /* Embed Carthage Frameworks */,
				218F603A1C00EB7C005BEC8D /* Copy dSYMs */,
			);
			buildRules = (
			);
			dependencies = (
			);
			name = Bar;
			productName = Bar;
			productReference = 21B0CF591B501FA3007E9F3C /* Bar.app */;
			productType = "com.apple.product-type.application";
		};
/* End PBXNativeTarget section */

/* Begin PBXProject section */
		21B0CF511B501FA3007E9F3C /* Project object */ = {
			isa = PBXProject;
			attributes = {
				LastUpgradeCheck = 1150;
				ORGANIZATIONNAME = "Sam Soffes";
				TargetAttributes = {
					21B0CF581B501FA3007E9F3C = {
						CreatedOnToolsVersion = 7.0;
						LastSwiftMigration = 0900;
					};
				};
			};
			buildConfigurationList = 21B0CF541B501FA3007E9F3C /* Build configuration list for PBXProject "Bar" */;
			compatibilityVersion = "Xcode 3.2";
			developmentRegion = en;
			hasScannedForEncodings = 0;
			knownRegions = (
				en,
				Base,
			);
			mainGroup = 21B0CF501B501FA3007E9F3C;
			productRefGroup = 21B0CF5A1B501FA3007E9F3C /* Products */;
			projectDirPath = "";
			projectRoot = "";
			targets = (
				21B0CF581B501FA3007E9F3C /* Bar */,
			);
		};
/* End PBXProject section */

/* Begin PBXResourcesBuildPhase section */
		21B0CF571B501FA3007E9F3C /* Resources */ = {
			isa = PBXResourcesBuildPhase;
			buildActionMask = 2147483647;
			files = (
				21547B512480DF5000A548BF /* LaunchScreen.storyboard in Resources */,
				21B0CFA81B501FC4007E9F3C /* Assets.xcassets in Resources */,
				21B0CFC31B501FD5007E9F3C /* Data in Resources */,
			);
			runOnlyForDeploymentPostprocessing = 0;
		};
/* End PBXResourcesBuildPhase section */

/* Begin PBXShellScriptBuildPhase section */
		2107B3761B50318B004FD18C /* Embed Carthage Frameworks */ = {
			isa = PBXShellScriptBuildPhase;
			buildActionMask = 2147483647;
			files = (
			);
			inputPaths = (
				"$(SRCROOT)/Carthage/Build/iOS/Static.framework",
			);
			name = "Embed Carthage Frameworks";
			outputPaths = (
			);
			runOnlyForDeploymentPostprocessing = 0;
			shellPath = /bin/sh;
			shellScript = "/usr/local/bin/carthage copy-frameworks\n";
		};
/* End PBXShellScriptBuildPhase section */

/* Begin PBXSourcesBuildPhase section */
		21B0CF551B501FA3007E9F3C /* Sources */ = {
			isa = PBXSourcesBuildPhase;
			buildActionMask = 2147483647;
			files = (
				21B0CFAB1B501FC4007E9F3C /* CocktailViewController.swift in Sources */,
				21B0CFAD1B501FC4007E9F3C /* MenuViewController.swift in Sources */,
				21B0CFA71B501FC4007E9F3C /* AppDelegate.swift in Sources */,
				21547B482480DA5E00A548BF /* MenuGroup.swift in Sources */,
				21B0CFA91B501FC4007E9F3C /* Cocktail.swift in Sources */,
				21B0CFAA1B501FC4007E9F3C /* CocktailCell.swift in Sources */,
			);
			runOnlyForDeploymentPostprocessing = 0;
		};
/* End PBXSourcesBuildPhase section */

/* Begin XCBuildConfiguration section */
		21B0CF7F1B501FA3007E9F3C /* Debug */ = {
			isa = XCBuildConfiguration;
			buildSettings = {
				ALWAYS_SEARCH_USER_PATHS = NO;
				CLANG_ANALYZER_LOCALIZABILITY_NONLOCALIZED = YES;
				CLANG_CXX_LANGUAGE_STANDARD = "gnu++0x";
				CLANG_CXX_LIBRARY = "libc++";
				CLANG_ENABLE_MODULES = YES;
				CLANG_ENABLE_OBJC_ARC = YES;
				CLANG_WARN_BLOCK_CAPTURE_AUTORELEASING = YES;
				CLANG_WARN_BOOL_CONVERSION = YES;
				CLANG_WARN_COMMA = YES;
				CLANG_WARN_CONSTANT_CONVERSION = YES;
				CLANG_WARN_DEPRECATED_OBJC_IMPLEMENTATIONS = YES;
				CLANG_WARN_DIRECT_OBJC_ISA_USAGE = YES_ERROR;
				CLANG_WARN_EMPTY_BODY = YES;
				CLANG_WARN_ENUM_CONVERSION = YES;
				CLANG_WARN_INFINITE_RECURSION = YES;
				CLANG_WARN_INT_CONVERSION = YES;
				CLANG_WARN_NON_LITERAL_NULL_CONVERSION = YES;
				CLANG_WARN_OBJC_IMPLICIT_RETAIN_SELF = YES;
				CLANG_WARN_OBJC_LITERAL_CONVERSION = YES;
				CLANG_WARN_OBJC_ROOT_CLASS = YES_ERROR;
				CLANG_WARN_RANGE_LOOP_ANALYSIS = YES;
				CLANG_WARN_STRICT_PROTOTYPES = YES;
				CLANG_WARN_SUSPICIOUS_MOVE = YES;
				CLANG_WARN_UNREACHABLE_CODE = YES;
				CLANG_WARN__DUPLICATE_METHOD_MATCH = YES;
				"CODE_SIGN_IDENTITY[sdk=iphoneos*]" = "iPhone Developer";
				COPY_PHASE_STRIP = NO;
				DEBUG_INFORMATION_FORMAT = dwarf;
				ENABLE_STRICT_OBJC_MSGSEND = YES;
				ENABLE_TESTABILITY = YES;
				GCC_C_LANGUAGE_STANDARD = gnu99;
				GCC_DYNAMIC_NO_PIC = NO;
				GCC_NO_COMMON_BLOCKS = YES;
				GCC_OPTIMIZATION_LEVEL = 0;
				GCC_PREPROCESSOR_DEFINITIONS = (
					"DEBUG=1",
					"$(inherited)",
				);
				GCC_WARN_64_TO_32_BIT_CONVERSION = YES;
				GCC_WARN_ABOUT_RETURN_TYPE = YES_ERROR;
				GCC_WARN_UNDECLARED_SELECTOR = YES;
				GCC_WARN_UNINITIALIZED_AUTOS = YES_AGGRESSIVE;
				GCC_WARN_UNUSED_FUNCTION = YES;
				GCC_WARN_UNUSED_VARIABLE = YES;
				IPHONEOS_DEPLOYMENT_TARGET = 13.0;
				MTL_ENABLE_DEBUG_INFO = YES;
				ONLY_ACTIVE_ARCH = YES;
				SDKROOT = iphoneos;
				SWIFT_OPTIMIZATION_LEVEL = "-Onone";
				SWIFT_VERSION = 5.0;
				TARGETED_DEVICE_FAMILY = "1,2";
			};
			name = Debug;
		};
		21B0CF801B501FA3007E9F3C /* Release */ = {
			isa = XCBuildConfiguration;
			buildSettings = {
				ALWAYS_SEARCH_USER_PATHS = NO;
				CLANG_ANALYZER_LOCALIZABILITY_NONLOCALIZED = YES;
				CLANG_CXX_LANGUAGE_STANDARD = "gnu++0x";
				CLANG_CXX_LIBRARY = "libc++";
				CLANG_ENABLE_MODULES = YES;
				CLANG_ENABLE_OBJC_ARC = YES;
				CLANG_WARN_BLOCK_CAPTURE_AUTORELEASING = YES;
				CLANG_WARN_BOOL_CONVERSION = YES;
				CLANG_WARN_COMMA = YES;
				CLANG_WARN_CONSTANT_CONVERSION = YES;
				CLANG_WARN_DEPRECATED_OBJC_IMPLEMENTATIONS = YES;
				CLANG_WARN_DIRECT_OBJC_ISA_USAGE = YES_ERROR;
				CLANG_WARN_EMPTY_BODY = YES;
				CLANG_WARN_ENUM_CONVERSION = YES;
				CLANG_WARN_INFINITE_RECURSION = YES;
				CLANG_WARN_INT_CONVERSION = YES;
				CLANG_WARN_NON_LITERAL_NULL_CONVERSION = YES;
				CLANG_WARN_OBJC_IMPLICIT_RETAIN_SELF = YES;
				CLANG_WARN_OBJC_LITERAL_CONVERSION = YES;
				CLANG_WARN_OBJC_ROOT_CLASS = YES_ERROR;
				CLANG_WARN_RANGE_LOOP_ANALYSIS = YES;
				CLANG_WARN_STRICT_PROTOTYPES = YES;
				CLANG_WARN_SUSPICIOUS_MOVE = YES;
				CLANG_WARN_UNREACHABLE_CODE = YES;
				CLANG_WARN__DUPLICATE_METHOD_MATCH = YES;
				"CODE_SIGN_IDENTITY[sdk=iphoneos*]" = "iPhone Developer";
				COPY_PHASE_STRIP = NO;
				DEBUG_INFORMATION_FORMAT = "dwarf-with-dsym";
				ENABLE_NS_ASSERTIONS = NO;
				ENABLE_STRICT_OBJC_MSGSEND = YES;
				GCC_C_LANGUAGE_STANDARD = gnu99;
				GCC_NO_COMMON_BLOCKS = YES;
				GCC_WARN_64_TO_32_BIT_CONVERSION = YES;
				GCC_WARN_ABOUT_RETURN_TYPE = YES_ERROR;
				GCC_WARN_UNDECLARED_SELECTOR = YES;
				GCC_WARN_UNINITIALIZED_AUTOS = YES_AGGRESSIVE;
				GCC_WARN_UNUSED_FUNCTION = YES;
				GCC_WARN_UNUSED_VARIABLE = YES;
				IPHONEOS_DEPLOYMENT_TARGET = 13.0;
				MTL_ENABLE_DEBUG_INFO = NO;
				SDKROOT = iphoneos;
				SWIFT_COMPILATION_MODE = wholemodule;
				SWIFT_VERSION = 5.0;
				TARGETED_DEVICE_FAMILY = "1,2";
				VALIDATE_PRODUCT = YES;
			};
			name = Release;
		};
		21B0CF821B501FA3007E9F3C /* Debug */ = {
			isa = XCBuildConfiguration;
			buildSettings = {
				ASSETCATALOG_COMPILER_APPICON_NAME = AppIcon;
				FRAMEWORK_SEARCH_PATHS = "\"$(SRCROOT)/Carthage/Build/iOS\"";
				INFOPLIST_FILE = Bar/Support/Info.plist;
				LD_RUNPATH_SEARCH_PATHS = "$(inherited) @executable_path/Frameworks";
				PRODUCT_BUNDLE_IDENTIFIER = com.samsoffes.Bar;
				PRODUCT_NAME = "$(TARGET_NAME)";
			};
			name = Debug;
		};
		21B0CF831B501FA3007E9F3C /* Release */ = {
			isa = XCBuildConfiguration;
			buildSettings = {
				ASSETCATALOG_COMPILER_APPICON_NAME = AppIcon;
				FRAMEWORK_SEARCH_PATHS = "\"$(SRCROOT)/Carthage/Build/iOS\"";
				INFOPLIST_FILE = Bar/Support/Info.plist;
				LD_RUNPATH_SEARCH_PATHS = "$(inherited) @executable_path/Frameworks";
				PRODUCT_BUNDLE_IDENTIFIER = com.samsoffes.Bar;
				PRODUCT_NAME = "$(TARGET_NAME)";
			};
			name = Release;
		};
/* End XCBuildConfiguration section */

/* Begin XCConfigurationList section */
		21B0CF541B501FA3007E9F3C /* Build configuration list for PBXProject "Bar" */ = {
			isa = XCConfigurationList;
			buildConfigurations = (
				21B0CF7F1B501FA3007E9F3C /* Debug */,
				21B0CF801B501FA3007E9F3C /* Release */,
			);
			defaultConfigurationIsVisible = 0;
			defaultConfigurationName = Release;
		};
		21B0CF811B501FA3007E9F3C /* Build configuration list for PBXNativeTarget "Bar" */ = {
			isa = XCConfigurationList;
			buildConfigurations = (
				21B0CF821B501FA3007E9F3C /* Debug */,
				21B0CF831B501FA3007E9F3C /* Release */,
			);
			defaultConfigurationIsVisible = 0;
			defaultConfigurationName = Release;
		};
/* End XCConfigurationList section */
	};
	rootObject = 21B0CF511B501FA3007E9F3C /* Project object */;
}
